{
  "object": {
    "pins": [
      {
        "package": "CwlCatchException",
        "repositoryURL": "https://github.com/mattgallagher/CwlCatchException.git",
        "state": {
          "branch": null,
          "revision": "3b123999de19bf04905bc1dfdb76f817b0f2cc00",
          "version": "2.1.2"
        }
      },
      {
        "package": "CwlPreconditionTesting",
        "repositoryURL": "https://github.com/mattgallagher/CwlPreconditionTesting.git",
        "state": {
          "branch": null,
          "revision": "a23ded2c91df9156628a6996ab4f347526f17b6b",
          "version": "2.1.2"
        }
      },
      {
        "package": "IANACharset",
        "repositoryURL": "https://github.com/rotoscopedev/IANACharset.git",
        "state": {
          "branch": null,
          "revision": "227fdbd6b5468325563341be06712b509fbfb2ba",
          "version": "0.9.6"
        }
      },
      {
        "package": "Nimble",
        "repositoryURL": "https://github.com/Quick/Nimble.git",
        "state": {
          "branch": null,
          "revision": "eb5e3d717224fa0d1f6aff3fc2c5e8e81fa1f728",
          "version": "11.2.2"
        }
      },
      {
        "package": "SwiftCSV",
        "repositoryURL": "https://github.com/swiftcsv/SwiftCSV.git",
        "state": {
          "branch": null,
          "revision": "96fa14b92e88e0befdbc8bc31c7c2c9594a30060",
          "version": "0.8.1"
        }
      }
    ]
  },
  "version": 1
}
