{
  "originHash" : "527bc9c4f0c14fa6ed80482307559da6ce0f5448d6411a15cce8aedb63d34f27",
  "pins" : [
    {
      "identity" : "ianacharset",
      "kind" : "remoteSourceControl",
      "location" : "https://github.com/rotoscopedev/IANACharset.git",
      "state" : {
        "branch" : "develop",
        "revision" : "2e72b5929ac772ac6aacc0468396d9046de7cf8b"
      }
    },
    {
      "identity" : "swiftcsv",
      "kind" : "remoteSourceControl",
      "location" : "https://github.com/swiftcsv/SwiftCSV.git",
      "state" : {
        "revision" : "6ab5d0fe9b6ef3c79d717eefa70862df389e74d9",
        "version" : "0.10.0"
      }
    }
  ],
  "version" : 3
}
